
Microsoft Visual Studio Solution File, Format Version 12.00
# Visual Studio 2012
Project("{FAE04EC0-301F-11D3-BF4B-00C04F79EFBC}") = "Applic", "Applic\Applic.csproj", "{210988A8-D0BB-4709-BB9D-43C7BD935B28}"
EndProject
Project("{FAE04EC0-301F-11D3-BF4B-00C04F79EFBC}") = "Applic.Tests", "Applic.Tests\Applic.Tests.csproj", "{93D82BA9-6EC6-4023-B8CC-7E3B6034FD50}"
EndProject
Project("{FAE04EC0-301F-11D3-BF4B-00C04F79EFBC}") = "Applic.Model", "Applic.Model\Applic.Model.csproj", "{989401D7-7B9D-44EC-B5B7-8B5DFA3E5C77}"
EndProject
Global
	GlobalSection(SolutionConfigurationPlatforms) = preSolution
		Debug|Any CPU = Debug|Any CPU
		Release|Any CPU = Release|Any CPU
	EndGlobalSection
	GlobalSection(ProjectConfigurationPlatforms) = postSolution
		{210988A8-D0BB-4709-BB9D-43C7BD935B28}.Debug|Any CPU.ActiveCfg = Debug|Any CPU
		{210988A8-D0BB-4709-BB9D-43C7BD935B28}.Debug|Any CPU.Build.0 = Debug|Any CPU
		{210988A8-D0BB-4709-BB9D-43C7BD935B28}.Release|Any CPU.ActiveCfg = Release|Any CPU
		{210988A8-D0BB-4709-BB9D-43C7BD935B28}.Release|Any CPU.Build.0 = Release|Any CPU
		{93D82BA9-6EC6-4023-B8CC-7E3B6034FD50}.Debug|Any CPU.ActiveCfg = Debug|Any CPU
		{93D82BA9-6EC6-4023-B8CC-7E3B6034FD50}.Debug|Any CPU.Build.0 = Debug|Any CPU
		{93D82BA9-6EC6-4023-B8CC-7E3B6034FD50}.Release|Any CPU.ActiveCfg = Release|Any CPU
		{93D82BA9-6EC6-4023-B8CC-7E3B6034FD50}.Release|Any CPU.Build.0 = Release|Any CPU
		{989401D7-7B9D-44EC-B5B7-8B5DFA3E5C77}.Debug|Any CPU.ActiveCfg = Debug|Any CPU
		{989401D7-7B9D-44EC-B5B7-8B5DFA3E5C77}.Debug|Any CPU.Build.0 = Debug|Any CPU
		{989401D7-7B9D-44EC-B5B7-8B5DFA3E5C77}.Release|Any CPU.ActiveCfg = Release|Any CPU
		{989401D7-7B9D-44EC-B5B7-8B5DFA3E5C77}.Release|Any CPU.Build.0 = Release|Any CPU
	EndGlobalSection
	GlobalSection(SolutionProperties) = preSolution
		HideSolutionNode = FALSE
	EndGlobalSection
EndGlobal
